// !$*UTF8*$!
{
	archiveVersion = 1;
	classes = {
	};
	objectVersion = 77;
	objects = {

/* Begin PBXBuildFile section */
		D4D208CC2DB09EF700A50DD8 /* Supabase in Frameworks */ = {isa = PBXBuildFile; productRef = D4D208CB2DB09EF700A50DD8 /* Supabase */; };
/* End PBXBuildFile section */

/* Begin PBXContainerItemProxy section */
		D4D208A52DAF42AB00A50DD8 /* PBXContainerItemProxy */ = {
			isa = PBXContainerItemProxy;
			containerPortal = D4D2088F2DAF42A700A50DD8 /* Project object */;
			proxyType = 1;
			remoteGlobalIDString = D4D208962DAF42A700A50DD8;
			remoteInfo = "Daily Light";
		};
		D4D208AF2DAF42AB00A50DD8 /* PBXContainerItemProxy */ = {
			isa = PBXContainerItemProxy;
			containerPortal = D4D2088F2DAF42A700A50DD8 /* Project object */;
			proxyType = 1;
			remoteGlobalIDString = D4D208962DAF42A700A50DD8;
			remoteInfo = "Daily Light";
		};
/* End PBXContainerItemProxy section */

/* Begin PBXFileReference section */
		D4D208972DAF42A700A50DD8 /* Daily Light.app */ = {isa = PBXFileReference; explicitFileType = wrapper.application; includeInIndex = 0; path = "Daily Light.app"; sourceTree = BUILT_PRODUCTS_DIR; };
		D4D208A42DAF42AB00A50DD8 /* Daily LightTests.xctest */ = {isa = PBXFileReference; explicitFileType = wrapper.cfbundle; includeInIndex = 0; path = "Daily LightTests.xctest"; sourceTree = BUILT_PRODUCTS_DIR; };
		D4D208AE2DAF42AB00A50DD8 /* Daily LightUITests.xctest */ = {isa = PBXFileReference; explicitFileType = wrapper.cfbundle; includeInIndex = 0; path = "Daily LightUITests.xctest"; sourceTree = BUILT_PRODUCTS_DIR; };
/* End PBXFileReference section */

/* Begin PBXFileSystemSynchronizedBuildFileExceptionSet section */
		D4D208CD2DB09F7F00A50DD8 /* Exceptions for "Daily Light" folder in "Daily Light" target */ = {
			isa = PBXFileSystemSynchronizedBuildFileExceptionSet;
			membershipExceptions = (
				Supabase.plist,
			);
			target = D4D208962DAF42A700A50DD8 /* Daily Light */;
		};
/* End PBXFileSystemSynchronizedBuildFileExceptionSet section */

/* Begin PBXFileSystemSynchronizedRootGroup section */
		D4D208992DAF42A700A50DD8 /* Daily Light */ = {
			isa = PBXFileSystemSynchronizedRootGroup;
			exceptions = (
				D4D208CD2DB09F7F00A50DD8 /* Exceptions for "Daily Light" folder in "Daily Light" target */,
			);
			path = "Daily Light";
			sourceTree = "<group>";
		};
		D4D208A72DAF42AB00A50DD8 /* Daily LightTests */ = {
			isa = PBXFileSystemSynchronizedRootGroup;
			path = "Daily LightTests";
			sourceTree = "<group>";
		};
		D4D208B12DAF42AB00A50DD8 /* Daily LightUITests */ = {
			isa = PBXFileSystemSynchronizedRootGroup;
			path = "Daily LightUITests";
			sourceTree = "<group>";
		};
/* End PBXFileSystemSynchronizedRootGroup section */

/* Begin PBXFrameworksBuildPhase section */
		D4D208942DAF42A700A50DD8 /* Frameworks */ = {
			isa = PBXFrameworksBuildPhase;
			buildActionMask = 2147483647;
			files = (
				D4D208CC2DB09EF700A50DD8 /* Supabase in Frameworks */,
			);
			runOnlyForDeploymentPostprocessing = 0;
		};
		D4D208A12DAF42AB00A50DD8 /* Frameworks */ = {
			isa = PBXFrameworksBuildPhase;
			buildActionMask = 2147483647;
			files = (
			);
			runOnlyForDeploymentPostprocessing = 0;
		};
		D4D208AB2DAF42AB00A50DD8 /* Frameworks */ = {
			isa = PBXFrameworksBuildPhase;
			buildActionMask = 2147483647;
			files = (
			);
			runOnlyForDeploymentPostprocessing = 0;
		};
/* End PBXFrameworksBuildPhase section */

/* Begin PBXGroup section */
		D4D2088E2DAF42A700A50DD8 = {
			isa = PBXGroup;
			children = (
				D4D208992DAF42A700A50DD8 /* Daily Light */,
				D4D208A72DAF42AB00A50DD8 /* Daily LightTests */,
				D4D208B12DAF42AB00A50DD8 /* Daily LightUITests */,
				D4D208CA2DB09EF700A50DD8 /* Frameworks */,
				D4D208982DAF42A700A50DD8 /* Products */,
			);
			sourceTree = "<group>";
		};
		D4D208982DAF42A700A50DD8 /* Products */ = {
			isa = PBXGroup;
			children = (
				D4D208972DAF42A700A50DD8 /* Daily Light.app */,
				D4D208A42DAF42AB00A50DD8 /* Daily LightTests.xctest */,
				D4D208AE2DAF42AB00A50DD8 /* Daily LightUITests.xctest */,
			);
			name = Products;
			sourceTree = "<group>";
		};
		D4D208CA2DB09EF700A50DD8 /* Frameworks */ = {
			isa = PBXGroup;
			children = (
			);
			name = Frameworks;
			sourceTree = "<group>";
		};
/* End PBXGroup section */

/* Begin PBXNativeTarget section */
		D4D208962DAF42A700A50DD8 /* Daily Light */ = {
			isa = PBXNativeTarget;
			buildConfigurationList = D4D208B82DAF42AB00A50DD8 /* Build configuration list for PBXNativeTarget "Daily Light" */;
			buildPhases = (
				D4D208932DAF42A700A50DD8 /* Sources */,
				D4D208942DAF42A700A50DD8 /* Frameworks */,
				D4D208952DAF42A700A50DD8 /* Resources */,
			);
			buildRules = (
			);
			dependencies = (
			);
			fileSystemSynchronizedGroups = (
				D4D208992DAF42A700A50DD8 /* Daily Light */,
			);
			name = "Daily Light";
			packageProductDependencies = (
				D4D208CB2DB09EF700A50DD8 /* Supabase */,
			);
			productName = "Daily Light";
			productReference = D4D208972DAF42A700A50DD8 /* Daily Light.app */;
			productType = "com.apple.product-type.application";
		};
		D4D208A32DAF42AB00A50DD8 /* Daily LightTests */ = {
			isa = PBXNativeTarget;
			buildConfigurationList = D4D208BB2DAF42AB00A50DD8 /* Build configuration list for PBXNativeTarget "Daily LightTests" */;
			buildPhases = (
				D4D208A02DAF42AB00A50DD8 /* Sources */,
				D4D208A12DAF42AB00A50DD8 /* Frameworks */,
				D4D208A22DAF42AB00A50DD8 /* Resources */,
			);
			buildRules = (
			);
			dependencies = (
				D4D208A62DAF42AB00A50DD8 /* PBXTargetDependency */,
			);
			fileSystemSynchronizedGroups = (
				D4D208A72DAF42AB00A50DD8 /* Daily LightTests */,
			);
			name = "Daily LightTests";
			packageProductDependencies = (
			);
			productName = "Daily LightTests";
			productReference = D4D208A42DAF42AB00A50DD8 /* Daily LightTests.xctest */;
			productType = "com.apple.product-type.bundle.unit-test";
		};
		D4D208AD2DAF42AB00A50DD8 /* Daily LightUITests */ = {
			isa = PBXNativeTarget;
			buildConfigurationList = D4D208BE2DAF42AB00A50DD8 /* Build configuration list for PBXNativeTarget "Daily LightUITests" */;
			buildPhases = (
				D4D208AA2DAF42AB00A50DD8 /* Sources */,
				D4D208AB2DAF42AB00A50DD8 /* Frameworks */,
				D4D208AC2DAF42AB00A50DD8 /* Resources */,
			);
			buildRules = (
			);
			dependencies = (
				D4D208B02DAF42AB00A50DD8 /* PBXTargetDependency */,
			);
			fileSystemSynchronizedGroups = (
				D4D208B12DAF42AB00A50DD8 /* Daily LightUITests */,
			);
			name = "Daily LightUITests";
			packageProductDependencies = (
			);
			productName = "Daily LightUITests";
			productReference = D4D208AE2DAF42AB00A50DD8 /* Daily LightUITests.xctest */;
			productType = "com.apple.product-type.bundle.ui-testing";
		};
/* End PBXNativeTarget section */

/* Begin PBXProject section */
		D4D2088F2DAF42A700A50DD8 /* Project object */ = {
			isa = PBXProject;
			attributes = {
				BuildIndependentTargetsInParallel = 1;
				LastSwiftUpdateCheck = 1630;
				LastUpgradeCheck = 1630;
				TargetAttributes = {
					D4D208962DAF42A700A50DD8 = {
						CreatedOnToolsVersion = 16.3;
					};
					D4D208A32DAF42AB00A50DD8 = {
						CreatedOnToolsVersion = 16.3;
						TestTargetID = D4D208962DAF42A700A50DD8;
					};
					D4D208AD2DAF42AB00A50DD8 = {
						CreatedOnToolsVersion = 16.3;
						TestTargetID = D4D208962DAF42A700A50DD8;
					};
				};
			};
			buildConfigurationList = D4D208922DAF42A700A50DD8 /* Build configuration list for PBXProject "Daily Light" */;
			developmentRegion = en;
			hasScannedForEncodings = 0;
			knownRegions = (
				en,
				Base,
			);
			mainGroup = D4D2088E2DAF42A700A50DD8;
			minimizedProjectReferenceProxies = 1;
			packageReferences = (
				D4D208C52DB097DA00A50DD8 /* XCRemoteSwiftPackageReference "supabase-swift" */,
			);
			preferredProjectObjectVersion = 77;
			productRefGroup = D4D208982DAF42A700A50DD8 /* Products */;
			projectDirPath = "";
			projectRoot = "";
			targets = (
				D4D208962DAF42A700A50DD8 /* Daily Light */,
				D4D208A32DAF42AB00A50DD8 /* Daily LightTests */,
				D4D208AD2DAF42AB00A50DD8 /* Daily LightUITests */,
			);
		};
/* End PBXProject section */

/* Begin PBXResourcesBuildPhase section */
		D4D208952DAF42A700A50DD8 /* Resources */ = {
			isa = PBXResourcesBuildPhase;
			buildActionMask = 2147483647;
			files = (
			);
			runOnlyForDeploymentPostprocessing = 0;
		};
		D4D208A22DAF42AB00A50DD8 /* Resources */ = {
			isa = PBXResourcesBuildPhase;
			buildActionMask = 2147483647;
			files = (
			);
			runOnlyForDeploymentPostprocessing = 0;
		};
		D4D208AC2DAF42AB00A50DD8 /* Resources */ = {
			isa = PBXResourcesBuildPhase;
			buildActionMask = 2147483647;
			files = (
			);
			runOnlyForDeploymentPostprocessing = 0;
		};
/* End PBXResourcesBuildPhase section */

/* Begin PBXSourcesBuildPhase section */
		D4D208932DAF42A700A50DD8 /* Sources */ = {
			isa = PBXSourcesBuildPhase;
			buildActionMask = 2147483647;
			files = (
			);
			runOnlyForDeploymentPostprocessing = 0;
		};
		D4D208A02DAF42AB00A50DD8 /* Sources */ = {
			isa = PBXSourcesBuildPhase;
			buildActionMask = 2147483647;
			files = (
			);
			runOnlyForDeploymentPostprocessing = 0;
		};
		D4D208AA2DAF42AB00A50DD8 /* Sources */ = {
			isa = PBXSourcesBuildPhase;
			buildActionMask = 2147483647;
			files = (
			);
			runOnlyForDeploymentPostprocessing = 0;
		};
/* End PBXSourcesBuildPhase section */

/* Begin PBXTargetDependency section */
		D4D208A62DAF42AB00A50DD8 /* PBXTargetDependency */ = {
			isa = PBXTargetDependency;
			target = D4D208962DAF42A700A50DD8 /* Daily Light */;
			targetProxy = D4D208A52DAF42AB00A50DD8 /* PBXContainerItemProxy */;
		};
		D4D208B02DAF42AB00A50DD8 /* PBXTargetDependency */ = {
			isa = PBXTargetDependency;
			target = D4D208962DAF42A700A50DD8 /* Daily Light */;
			targetProxy = D4D208AF2DAF42AB00A50DD8 /* PBXContainerItemProxy */;
		};
/* End PBXTargetDependency section */

/* Begin XCBuildConfiguration section */
		D4D208B62DAF42AB00A50DD8 /* Debug */ = {
			isa = XCBuildConfiguration;
			buildSettings = {
				ALWAYS_SEARCH_USER_PATHS = NO;
				ASSETCATALOG_COMPILER_GENERATE_SWIFT_ASSET_SYMBOL_EXTENSIONS = YES;
				CLANG_ANALYZER_NONNULL = YES;
				CLANG_ANALYZER_NUMBER_OBJECT_CONVERSION = YES_AGGRESSIVE;
				CLANG_CXX_LANGUAGE_STANDARD = "gnu++20";
				CLANG_ENABLE_MODULES = YES;
				CLANG_ENABLE_OBJC_ARC = YES;
				CLANG_ENABLE_OBJC_WEAK = YES;
				CLANG_WARN_BLOCK_CAPTURE_AUTORELEASING = YES;
				CLANG_WARN_BOOL_CONVERSION = YES;
				CLANG_WARN_COMMA = YES;
				CLANG_WARN_CONSTANT_CONVERSION = YES;
				CLANG_WARN_DEPRECATED_OBJC_IMPLEMENTATIONS = YES;
				CLANG_WARN_DIRECT_OBJC_ISA_USAGE = YES_ERROR;
				CLANG_WARN_DOCUMENTATION_COMMENTS = YES;
				CLANG_WARN_EMPTY_BODY = YES;
				CLANG_WARN_ENUM_CONVERSION = YES;
				CLANG_WARN_INFINITE_RECURSION = YES;
				CLANG_WARN_INT_CONVERSION = YES;
				CLANG_WARN_NON_LITERAL_NULL_CONVERSION = YES;
				CLANG_WARN_OBJC_IMPLICIT_RETAIN_SELF = YES;
				CLANG_WARN_OBJC_LITERAL_CONVERSION = YES;
				CLANG_WARN_OBJC_ROOT_CLASS = YES_ERROR;
				CLANG_WARN_QUOTED_INCLUDE_IN_FRAMEWORK_HEADER = YES;
				CLANG_WARN_RANGE_LOOP_ANALYSIS = YES;
				CLANG_WARN_STRICT_PROTOTYPES = YES;
				CLANG_WARN_SUSPICIOUS_MOVE = YES;
				CLANG_WARN_UNGUARDED_AVAILABILITY = YES_AGGRESSIVE;
				CLANG_WARN_UNREACHABLE_CODE = YES;
				CLANG_WARN__DUPLICATE_METHOD_MATCH = YES;
				COPY_PHASE_STRIP = NO;
				DEBUG_INFORMATION_FORMAT = dwarf;
				DEVELOPMENT_TEAM = J4KFGM39U5;
				ENABLE_STRICT_OBJC_MSGSEND = YES;
				ENABLE_TESTABILITY = YES;
				ENABLE_USER_SCRIPT_SANDBOXING = YES;
				GCC_C_LANGUAGE_STANDARD = gnu17;
				GCC_DYNAMIC_NO_PIC = NO;
				GCC_NO_COMMON_BLOCKS = YES;
				GCC_OPTIMIZATION_LEVEL = 0;
				GCC_PREPROCESSOR_DEFINITIONS = (
					"DEBUG=1",
					"$(inherited)",
				);
				GCC_WARN_64_TO_32_BIT_CONVERSION = YES;
				GCC_WARN_ABOUT_RETURN_TYPE = YES_ERROR;
				GCC_WARN_UNDECLARED_SELECTOR = YES;
				GCC_WARN_UNINITIALIZED_AUTOS = YES_AGGRESSIVE;
				GCC_WARN_UNUSED_FUNCTION = YES;
				GCC_WARN_UNUSED_VARIABLE = YES;
				IPHONEOS_DEPLOYMENT_TARGET = 18.4;
				LOCALIZATION_PREFERS_STRING_CATALOGS = YES;
				MTL_ENABLE_DEBUG_INFO = INCLUDE_SOURCE;
				MTL_FAST_MATH = YES;
				ONLY_ACTIVE_ARCH = YES;
				SDKROOT = iphoneos;
				SWIFT_ACTIVE_COMPILATION_CONDITIONS = "DEBUG $(inherited)";
				SWIFT_OPTIMIZATION_LEVEL = "-Onone";
			};
			name = Debug;
		};
		D4D208B72DAF42AB00A50DD8 /* Release */ = {
			isa = XCBuildConfiguration;
			buildSettings = {
				ALWAYS_SEARCH_USER_PATHS = NO;
				ASSETCATALOG_COMPILER_GENERATE_SWIFT_ASSET_SYMBOL_EXTENSIONS = YES;
				CLANG_ANALYZER_NONNULL = YES;
				CLANG_ANALYZER_NUMBER_OBJECT_CONVERSION = YES_AGGRESSIVE;
				CLANG_CXX_LANGUAGE_STANDARD = "gnu++20";
				CLANG_ENABLE_MODULES = YES;
				CLANG_ENABLE_OBJC_ARC = YES;
				CLANG_ENABLE_OBJC_WEAK = YES;
				CLANG_WARN_BLOCK_CAPTURE_AUTORELEASING = YES;
				CLANG_WARN_BOOL_CONVERSION = YES;
				CLANG_WARN_COMMA = YES;
				CLANG_WARN_CONSTANT_CONVERSION = YES;
				CLANG_WARN_DEPRECATED_OBJC_IMPLEMENTATIONS = YES;
				CLANG_WARN_DIRECT_OBJC_ISA_USAGE = YES_ERROR;
				CLANG_WARN_DOCUMENTATION_COMMENTS = YES;
				CLANG_WARN_EMPTY_BODY = YES;
				CLANG_WARN_ENUM_CONVERSION = YES;
				CLANG_WARN_INFINITE_RECURSION = YES;
				CLANG_WARN_INT_CONVERSION = YES;
				CLANG_WARN_NON_LITERAL_NULL_CONVERSION = YES;
				CLANG_WARN_OBJC_IMPLICIT_RETAIN_SELF = YES;
				CLANG_WARN_OBJC_LITERAL_CONVERSION = YES;
				CLANG_WARN_OBJC_ROOT_CLASS = YES_ERROR;
				CLANG_WARN_QUOTED_INCLUDE_IN_FRAMEWORK_HEADER = YES;
				CLANG_WARN_RANGE_LOOP_ANALYSIS = YES;
				CLANG_WARN_STRICT_PROTOTYPES = YES;
				CLANG_WARN_SUSPICIOUS_MOVE = YES;
				CLANG_WARN_UNGUARDED_AVAILABILITY = YES_AGGRESSIVE;
				CLANG_WARN_UNREACHABLE_CODE = YES;
				CLANG_WARN__DUPLICATE_METHOD_MATCH = YES;
				COPY_PHASE_STRIP = NO;
				DEBUG_INFORMATION_FORMAT = "dwarf-with-dsym";
				DEVELOPMENT_TEAM = J4KFGM39U5;
				ENABLE_NS_ASSERTIONS = NO;
				ENABLE_STRICT_OBJC_MSGSEND = YES;
				ENABLE_USER_SCRIPT_SANDBOXING = YES;
				GCC_C_LANGUAGE_STANDARD = gnu17;
				GCC_NO_COMMON_BLOCKS = YES;
				GCC_WARN_64_TO_32_BIT_CONVERSION = YES;
				GCC_WARN_ABOUT_RETURN_TYPE = YES_ERROR;
				GCC_WARN_UNDECLARED_SELECTOR = YES;
				GCC_WARN_UNINITIALIZED_AUTOS = YES_AGGRESSIVE;
				GCC_WARN_UNUSED_FUNCTION = YES;
				GCC_WARN_UNUSED_VARIABLE = YES;
				IPHONEOS_DEPLOYMENT_TARGET = 18.4;
				LOCALIZATION_PREFERS_STRING_CATALOGS = YES;
				MTL_ENABLE_DEBUG_INFO = NO;
				MTL_FAST_MATH = YES;
				SDKROOT = iphoneos;
				SWIFT_COMPILATION_MODE = wholemodule;
				VALIDATE_PRODUCT = YES;
			};
			name = Release;
		};
		D4D208B92DAF42AB00A50DD8 /* Debug */ = {
			isa = XCBuildConfiguration;
			buildSettings = {
				ASSETCATALOG_COMPILER_APPICON_NAME = AppIcon;
				ASSETCATALOG_COMPILER_GLOBAL_ACCENT_COLOR_NAME = AccentColor;
				CODE_SIGN_STYLE = Automatic;
				CURRENT_PROJECT_VERSION = 1;
				DEVELOPMENT_TEAM = J4KFGM39U5;
				ENABLE_PREVIEWS = YES;
				GENERATE_INFOPLIST_FILE = YES;
				INFOPLIST_FILE = "Daily Light/Supabase.plist";
				INFOPLIST_KEY_UIApplicationSceneManifest_Generation = YES;
				INFOPLIST_KEY_UIApplicationSupportsIndirectInputEvents = YES;
				INFOPLIST_KEY_UILaunchScreen_Generation = YES;
				INFOPLIST_KEY_UISupportedInterfaceOrientations_iPad = "UIInterfaceOrientationPortrait UIInterfaceOrientationPortraitUpsideDown UIInterfaceOrientationLandscapeLeft UIInterfaceOrientationLandscapeRight";
				INFOPLIST_KEY_UISupportedInterfaceOrientations_iPhone = "UIInterfaceOrientationPortrait UIInterfaceOrientationLandscapeLeft UIInterfaceOrientationLandscapeRight";
				LD_RUNPATH_SEARCH_PATHS = (
					"$(inherited)",
					"@executable_path/Frameworks",
				);
				MARKETING_VERSION = 1.0;
				PRODUCT_BUNDLE_IDENTIFIER = "joeygrant.Daily-Light";
				PRODUCT_NAME = "$(TARGET_NAME)";
				SWIFT_EMIT_LOC_STRINGS = YES;
				SWIFT_VERSION = 5.0;
				TARGETED_DEVICE_FAMILY = "1,2";
			};
			name = Debug;
		};
		D4D208BA2DAF42AB00A50DD8 /* Release */ = {
			isa = XCBuildConfiguration;
			buildSettings = {
				ASSETCATALOG_COMPILER_APPICON_NAME = AppIcon;
				ASSETCATALOG_COMPILER_GLOBAL_ACCENT_COLOR_NAME = AccentColor;
				CODE_SIGN_STYLE = Automatic;
				CURRENT_PROJECT_VERSION = 1;
				DEVELOPMENT_TEAM = J4KFGM39U5;
				ENABLE_PREVIEWS = YES;
				GENERATE_INFOPLIST_FILE = YES;
				INFOPLIST_FILE = "Daily Light/Supabase.plist";
				INFOPLIST_KEY_UIApplicationSceneManifest_Generation = YES;
				INFOPLIST_KEY_UIApplicationSupportsIndirectInputEvents = YES;
				INFOPLIST_KEY_UILaunchScreen_Generation = YES;
				INFOPLIST_KEY_UISupportedInterfaceOrientations_iPad = "UIInterfaceOrientationPortrait UIInterfaceOrientationPortraitUpsideDown UIInterfaceOrientationLandscapeLeft UIInterfaceOrientationLandscapeRight";
				INFOPLIST_KEY_UISupportedInterfaceOrientations_iPhone = "UIInterfaceOrientationPortrait UIInterfaceOrientationLandscapeLeft UIInterfaceOrientationLandscapeRight";
				LD_RUNPATH_SEARCH_PATHS = (
					"$(inherited)",
					"@executable_path/Frameworks",
				);
				MARKETING_VERSION = 1.0;
				PRODUCT_BUNDLE_IDENTIFIER = "joeygrant.Daily-Light";
				PRODUCT_NAME = "$(TARGET_NAME)";
				SWIFT_EMIT_LOC_STRINGS = YES;
				SWIFT_VERSION = 5.0;
				TARGETED_DEVICE_FAMILY = "1,2";
			};
			name = Release;
		};
		D4D208BC2DAF42AB00A50DD8 /* Debug */ = {
			isa = XCBuildConfiguration;
			buildSettings = {
				BUNDLE_LOADER = "$(TEST_HOST)";
				CODE_SIGN_STYLE = Automatic;
				CURRENT_PROJECT_VERSION = 1;
				DEVELOPMENT_TEAM = J4KFGM39U5;
				GENERATE_INFOPLIST_FILE = YES;
				IPHONEOS_DEPLOYMENT_TARGET = 18.4;
				MARKETING_VERSION = 1.0;
				PRODUCT_BUNDLE_IDENTIFIER = "joeygrant.Daily-LightTests";
				PRODUCT_NAME = "$(TARGET_NAME)";
				SWIFT_EMIT_LOC_STRINGS = NO;
				SWIFT_VERSION = 5.0;
				TARGETED_DEVICE_FAMILY = "1,2";
				TEST_HOST = "$(BUILT_PRODUCTS_DIR)/Daily Light.app/$(BUNDLE_EXECUTABLE_FOLDER_PATH)/Daily Light";
			};
			name = Debug;
		};
		D4D208BD2DAF42AB00A50DD8 /* Release */ = {
			isa = XCBuildConfiguration;
			buildSettings = {
				BUNDLE_LOADER = "$(TEST_HOST)";
				CODE_SIGN_STYLE = Automatic;
				CURRENT_PROJECT_VERSION = 1;
				DEVELOPMENT_TEAM = J4KFGM39U5;
				GENERATE_INFOPLIST_FILE = YES;
				IPHONEOS_DEPLOYMENT_TARGET = 18.4;
				MARKETING_VERSION = 1.0;
				PRODUCT_BUNDLE_IDENTIFIER = "joeygrant.Daily-LightTests";
				PRODUCT_NAME = "$(TARGET_NAME)";
				SWIFT_EMIT_LOC_STRINGS = NO;
				SWIFT_VERSION = 5.0;
				TARGETED_DEVICE_FAMILY = "1,2";
				TEST_HOST = "$(BUILT_PRODUCTS_DIR)/Daily Light.app/$(BUNDLE_EXECUTABLE_FOLDER_PATH)/Daily Light";
			};
			name = Release;
		};
		D4D208BF2DAF42AB00A50DD8 /* Debug */ = {
			isa = XCBuildConfiguration;
			buildSettings = {
				CODE_SIGN_STYLE = Automatic;
				CURRENT_PROJECT_VERSION = 1;
				DEVELOPMENT_TEAM = J4KFGM39U5;
				GENERATE_INFOPLIST_FILE = YES;
				MARKETING_VERSION = 1.0;
				PRODUCT_BUNDLE_IDENTIFIER = "joeygrant.Daily-LightUITests";
				PRODUCT_NAME = "$(TARGET_NAME)";
				SWIFT_EMIT_LOC_STRINGS = NO;
				SWIFT_VERSION = 5.0;
				TARGETED_DEVICE_FAMILY = "1,2";
				TEST_TARGET_NAME = "Daily Light";
			};
			name = Debug;
		};
		D4D208C02DAF42AB00A50DD8 /* Release */ = {
			isa = XCBuildConfiguration;
			buildSettings = {
				CODE_SIGN_STYLE = Automatic;
				CURRENT_PROJECT_VERSION = 1;
				DEVELOPMENT_TEAM = J4KFGM39U5;
				GENERATE_INFOPLIST_FILE = YES;
				MARKETING_VERSION = 1.0;
				PRODUCT_BUNDLE_IDENTIFIER = "joeygrant.Daily-LightUITests";
				PRODUCT_NAME = "$(TARGET_NAME)";
				SWIFT_EMIT_LOC_STRINGS = NO;
				SWIFT_VERSION = 5.0;
				TARGETED_DEVICE_FAMILY = "1,2";
				TEST_TARGET_NAME = "Daily Light";
			};
			name = Release;
		};
/* End XCBuildConfiguration section */

/* Begin XCConfigurationList section */
		D4D208922DAF42A700A50DD8 /* Build configuration list for PBXProject "Daily Light" */ = {
			isa = XCConfigurationList;
			buildConfigurations = (
				D4D208B62DAF42AB00A50DD8 /* Debug */,
				D4D208B72DAF42AB00A50DD8 /* Release */,
			);
			defaultConfigurationIsVisible = 0;
			defaultConfigurationName = Release;
		};
		D4D208B82DAF42AB00A50DD8 /* Build configuration list for PBXNativeTarget "Daily Light" */ = {
			isa = XCConfigurationList;
			buildConfigurations = (
				D4D208B92DAF42AB00A50DD8 /* Debug */,
				D4D208BA2DAF42AB00A50DD8 /* Release */,
			);
			defaultConfigurationIsVisible = 0;
			defaultConfigurationName = Release;
		};
		D4D208BB2DAF42AB00A50DD8 /* Build configuration list for PBXNativeTarget "Daily LightTests" */ = {
			isa = XCConfigurationList;
			buildConfigurations = (
				D4D208BC2DAF42AB00A50DD8 /* Debug */,
				D4D208BD2DAF42AB00A50DD8 /* Release */,
			);
			defaultConfigurationIsVisible = 0;
			defaultConfigurationName = Release;
		};
		D4D208BE2DAF42AB00A50DD8 /* Build configuration list for PBXNativeTarget "Daily LightUITests" */ = {
			isa = XCConfigurationList;
			buildConfigurations = (
				D4D208BF2DAF42AB00A50DD8 /* Debug */,
				D4D208C02DAF42AB00A50DD8 /* Release */,
			);
			defaultConfigurationIsVisible = 0;
			defaultConfigurationName = Release;
		};
/* End XCConfigurationList section */

/* Begin XCRemoteSwiftPackageReference section */
		D4D208C52DB097DA00A50DD8 /* XCRemoteSwiftPackageReference "supabase-swift" */ = {
			isa = XCRemoteSwiftPackageReference;
			repositoryURL = "https://github.com/supabase/supabase-swift.git";
			requirement = {
				kind = upToNextMajorVersion;
				minimumVersion = 2.5.1;
			};
		};
/* End XCRemoteSwiftPackageReference section */

/* Begin XCSwiftPackageProductDependency section */
		D4D208CB2DB09EF700A50DD8 /* Supabase */ = {
			isa = XCSwiftPackageProductDependency;
			package = D4D208C52DB097DA00A50DD8 /* XCRemoteSwiftPackageReference "supabase-swift" */;
			productName = Supabase;
		};
/* End XCSwiftPackageProductDependency section */
	};
	rootObject = D4D2088F2DAF42A700A50DD8 /* Project object */;
}
